lockfileVersion: 5.3

specifiers:
  '@types/node': ^17.0.23

devDependencies:
  '@types/node': registry.npmmirror.com/@types/node/17.0.23

packages:

  registry.npmmirror.com/@types/node/17.0.23:
    resolution: {integrity: sha512-UxDxWn7dl97rKVeVS61vErvw086aCYhDLyvRQZ5Rk65rZKepaFdm53GeqXaKBuOhED4e9uWq34IC3TdSdJJ2Gw==, registry: https://registry.npm.taobao.org/, tarball: https://registry.npmmirror.com/@types/node/-/node-17.0.23.tgz}
    name: '@types/node'
    version: 17.0.23
    dev: true
